{
  "name": "textmark",
  "version": "0.0.0",
  "lockfileVersion": 3,
  "requires": true,
  "packages": {
    "": {
      "name": "textmark",
      "version": "0.0.0",
      "license": "ISC",
      "dependencies": {
        "chrome-types": "^0.1.276",
        "dompurify": "^3.0.11"
      }
    },
    "node_modules/chrome-types": {
      "version": "0.1.276",
      "resolved": "https://registry.npmjs.org/chrome-types/-/chrome-types-0.1.276.tgz",
      "integrity": "sha512-Mp2PzMRlUB6WmrXViAfVGjnvguwFDmRkTOT5dUsuoMRAaOT7duxV7XZnVDpCIISiTkU9jMn9jx7YvIDX2XuKbA=="
    },
    "node_modules/dompurify": {
      "version": "3.0.11",
      "resolved": "https://registry.npmjs.org/dompurify/-/dompurify-3.0.11.tgz",
      "integrity": "sha512-Fan4uMuyB26gFV3ovPoEoQbxRRPfTu3CvImyZnhGq5fsIEO+gEFLp45ISFt+kQBWsK5ulDdT0oV28jS1UrwQLg=="
    }
  }
}
